<?xml version="1.0" encoding="utf-8"?>
<Project ToolsVersion="4.0" xmlns="http://schemas.microsoft.com/developer/msbuild/2003">
  <ItemGroup>
    <Filter Include="00.MainApp">
      <UniqueIdentifier>{a83c7314-cf80-4ba8-b1d4-de03fa492972}</UniqueIdentifier>
    </Filter>
    <Filter Include="01.Scene">
      <UniqueIdentifier>{66d39f61-da41-4641-9746-c40b6a45ec40}</UniqueIdentifier>
    </Filter>
    <Filter Include="02.GameObject">
      <UniqueIdentifier>{6fca74d2-a8af-4d65-8add-af5a7e60ea49}</UniqueIdentifier>
    </Filter>
    <Filter Include="99.Headers">
      <UniqueIdentifier>{0fad7ca4-4d58-4639-8e2c-984b361b760f}</UniqueIdentifier>
    </Filter>
    <Filter Include="98.Default">
      <UniqueIdentifier>{590c2eb6-b5a6-461c-90be-19443bc0f66e}</UniqueIdentifier>
    </Filter>
    <Filter Include="01.Scene\00.Scene_Logo">
      <UniqueIdentifier>{f1896763-2235-4803-b325-228fe81e8c59}</UniqueIdentifier>
    </Filter>
    <Filter Include="01.Scene\99.PreLoader">
      <UniqueIdentifier>{572fc3b8-5f43-4a20-b162-f212e0c81994}</UniqueIdentifier>
    </Filter>
    <Filter Include="01.Scene\06.Scene_Stage5">
      <UniqueIdentifier>{60fbce97-ae77-446a-a86e-098f9246c8fe}</UniqueIdentifier>
    </Filter>
    <Filter Include="01.Scene\01.Scene_Stage0">
      <UniqueIdentifier>{f35f7334-3924-40e9-bdf0-78628c9e44c7}</UniqueIdentifier>
    </Filter>
    <Filter Include="01.Scene\02.Scene_Stage1">
      <UniqueIdentifier>{b2f2832c-e576-4509-92b6-830441d24407}</UniqueIdentifier>
    </Filter>
    <Filter Include="01.Scene\03.Scene_Stage2">
      <UniqueIdentifier>{ad62fa16-de07-4b33-a53a-b20ec81f9562}</UniqueIdentifier>
    </Filter>
    <Filter Include="01.Scene\04.Scene_Stage3">
      <UniqueIdentifier>{c2e98aba-ee11-42ae-b3b5-373b0b03ec9d}</UniqueIdentifier>
    </Filter>
    <Filter Include="01.Scene\05.Scene_Stage4">
      <UniqueIdentifier>{e051c352-e510-4e63-83cb-dfb944743683}</UniqueIdentifier>
    </Filter>
    <Filter Include="02.GameObject\00.Terrain">
      <UniqueIdentifier>{ab993916-14ba-401e-8c3b-84e3f524be5d}</UniqueIdentifier>
    </Filter>
    <Filter Include="02.GameObject\01.Camera">
      <UniqueIdentifier>{a69d0c94-302a-469c-9f37-46e579fd3a62}</UniqueIdentifier>
    </Filter>
    <Filter Include="02.GameObject\02.Skybox">
      <UniqueIdentifier>{1a5effb4-6ce9-4520-841b-13ba87f51aba}</UniqueIdentifier>
    </Filter>
    <Filter Include="02.GameObject\03.Environment">
      <UniqueIdentifier>{5e7878ee-b283-4f40-a47d-1708c026751b}</UniqueIdentifier>
    </Filter>
    <Filter Include="02.GameObject\04.Player">
      <UniqueIdentifier>{f71d6c9a-97d6-43a2-8656-3ecaf7f1d345}</UniqueIdentifier>
    </Filter>
    <Filter Include="02.GameObject\05.Monster">
      <UniqueIdentifier>{3520b15f-e9da-4318-8426-495d6229e6cd}</UniqueIdentifier>
    </Filter>
    <Filter Include="02.GameObject\03.Environment\00.Grass">
      <UniqueIdentifier>{8d596baa-c101-4497-8912-1299a4edfc77}</UniqueIdentifier>
    </Filter>
  </ItemGroup>
  <ItemGroup>
    <ClInclude Include="Client.h">
      <Filter>99.Headers</Filter>
    </ClInclude>
    <ClInclude Include="stdafx.h">
      <Filter>99.Headers</Filter>
    </ClInclude>
    <ClInclude Include="..\Headers\MainApp.h">
      <Filter>00.MainApp</Filter>
    </ClInclude>
    <ClInclude Include="targetver.h">
      <Filter>98.Default</Filter>
    </ClInclude>
    <ClInclude Include="Resource.h">
      <Filter>98.Default</Filter>
    </ClInclude>
    <ClInclude Include="..\Headers\Client_Define.h">
      <Filter>99.Headers</Filter>
    </ClInclude>
    <ClInclude Include="..\Headers\Client_Enum.h">
      <Filter>99.Headers</Filter>
    </ClInclude>
    <ClInclude Include="..\Headers\Client_Struct.h">
      <Filter>99.Headers</Filter>
    </ClInclude>
    <ClInclude Include="..\Headers\Scene_Logo.h">
      <Filter>01.Scene\00.Scene_Logo</Filter>
    </ClInclude>
    <ClInclude Include="..\Headers\PreLoader.h">
      <Filter>01.Scene\99.PreLoader</Filter>
    </ClInclude>
    <ClInclude Include="..\Headers\Scene_Stage0.h">
      <Filter>01.Scene\01.Scene_Stage0</Filter>
    </ClInclude>
    <ClInclude Include="..\Headers\Terrain.h">
      <Filter>02.GameObject\00.Terrain</Filter>
    </ClInclude>
    <ClInclude Include="..\Headers\MainCamera.h">
      <Filter>02.GameObject\01.Camera</Filter>
    </ClInclude>
    <ClInclude Include="..\Headers\Player.h">
      <Filter>02.GameObject\04.Player</Filter>
    </ClInclude>
    <ClInclude Include="..\Headers\Skybox.h">
      <Filter>02.GameObject\02.Skybox</Filter>
    </ClInclude>
  </ItemGroup>
  <ItemGroup>
    <ClCompile Include="stdafx.cpp">
      <Filter>98.Default</Filter>
    </ClCompile>
    <ClCompile Include="Client.cpp">
      <Filter>98.Default</Filter>
    </ClCompile>
    <ClCompile Include="..\Codes\MainApp.cpp">
      <Filter>00.MainApp</Filter>
    </ClCompile>
    <ClCompile Include="..\Codes\Scene_Logo.cpp">
      <Filter>01.Scene\00.Scene_Logo</Filter>
    </ClCompile>
    <ClCompile Include="..\Codes\PreLoader.cpp">
      <Filter>01.Scene\99.PreLoader</Filter>
    </ClCompile>
    <ClCompile Include="..\Codes\Scene_Stage0.cpp">
      <Filter>01.Scene\01.Scene_Stage0</Filter>
    </ClCompile>
    <ClCompile Include="..\Codes\Terrain.cpp">
      <Filter>02.GameObject\00.Terrain</Filter>
    </ClCompile>
    <ClCompile Include="..\Codes\MainCamera.cpp">
      <Filter>02.GameObject\01.Camera</Filter>
    </ClCompile>
    <ClCompile Include="..\Codes\Player.cpp">
      <Filter>02.GameObject\04.Player</Filter>
    </ClCompile>
    <ClCompile Include="..\Codes\Skybox.cpp">
      <Filter>02.GameObject\02.Skybox</Filter>
    </ClCompile>
  </ItemGroup>
  <ItemGroup>
    <Image Include="Client.ico">
      <Filter>98.Default</Filter>
    </Image>
    <Image Include="small.ico">
      <Filter>98.Default</Filter>
    </Image>
  </ItemGroup>
  <ItemGroup>
    <ResourceCompile Include="Client.rc">
      <Filter>98.Default</Filter>
    </ResourceCompile>
  </ItemGroup>
  <ItemGroup>
    <Text Include="ReadMe.txt">
      <Filter>98.Default</Filter>
    </Text>
  </ItemGroup>
</Project>