
Microsoft Visual Studio Solution File, Format Version 12.00
# Visual Studio 14
VisualStudioVersion = 14.0.25420.1
MinimumVisualStudioVersion = 10.0.40219.1
Project("{8BC9CEB8-8B4A-11D0-8D11-00A0C91BC942}") = "Client", "Client\Default\Client.vcxproj", "{D7D935E7-66F4-498B-87D8-35404BA7492B}"
EndProject
Project("{2150E333-8FDC-42A3-9474-1A3956D46DE8}") = "00.Client", "00.Client", "{A31D667A-05B7-4C73-92C6-3A8ABF37FFB3}"
EndProject
Project("{2150E333-8FDC-42A3-9474-1A3956D46DE8}") = "01.Engine", "01.Engine", "{2E1E69DE-9F49-4925-9F28-05F6803E2B8E}"
EndProject
Project("{8BC9CEB8-8B4A-11D0-8D11-00A0C91BC942}") = "Engine", "Engine\Default\Engine.vcxproj", "{3768E284-4F08-49DE-B5A0-BE31D02B3A73}"
EndProject
Global
	GlobalSection(SolutionConfigurationPlatforms) = preSolution
		Debug|x64 = Debug|x64
		Debug|x86 = Debug|x86
		Release|x64 = Release|x64
		Release|x86 = Release|x86
	EndGlobalSection
	GlobalSection(ProjectConfigurationPlatforms) = postSolution
		{D7D935E7-66F4-498B-87D8-35404BA7492B}.Debug|x64.ActiveCfg = Debug|x64
		{D7D935E7-66F4-498B-87D8-35404BA7492B}.Debug|x64.Build.0 = Debug|x64
		{D7D935E7-66F4-498B-87D8-35404BA7492B}.Debug|x86.ActiveCfg = Debug|Win32
		{D7D935E7-66F4-498B-87D8-35404BA7492B}.Debug|x86.Build.0 = Debug|Win32
		{D7D935E7-66F4-498B-87D8-35404BA7492B}.Release|x64.ActiveCfg = Release|x64
		{D7D935E7-66F4-498B-87D8-35404BA7492B}.Release|x64.Build.0 = Release|x64
		{D7D935E7-66F4-498B-87D8-35404BA7492B}.Release|x86.ActiveCfg = Release|Win32
		{D7D935E7-66F4-498B-87D8-35404BA7492B}.Release|x86.Build.0 = Release|Win32
		{3768E284-4F08-49DE-B5A0-BE31D02B3A73}.Debug|x64.ActiveCfg = Debug|x64
		{3768E284-4F08-49DE-B5A0-BE31D02B3A73}.Debug|x64.Build.0 = Debug|x64
		{3768E284-4F08-49DE-B5A0-BE31D02B3A73}.Debug|x86.ActiveCfg = Debug|Win32
		{3768E284-4F08-49DE-B5A0-BE31D02B3A73}.Debug|x86.Build.0 = Debug|Win32
		{3768E284-4F08-49DE-B5A0-BE31D02B3A73}.Release|x64.ActiveCfg = Release|x64
		{3768E284-4F08-49DE-B5A0-BE31D02B3A73}.Release|x64.Build.0 = Release|x64
		{3768E284-4F08-49DE-B5A0-BE31D02B3A73}.Release|x86.ActiveCfg = Release|Win32
		{3768E284-4F08-49DE-B5A0-BE31D02B3A73}.Release|x86.Build.0 = Release|Win32
	EndGlobalSection
	GlobalSection(SolutionProperties) = preSolution
		HideSolutionNode = FALSE
	EndGlobalSection
	GlobalSection(NestedProjects) = preSolution
		{D7D935E7-66F4-498B-87D8-35404BA7492B} = {A31D667A-05B7-4C73-92C6-3A8ABF37FFB3}
		{3768E284-4F08-49DE-B5A0-BE31D02B3A73} = {2E1E69DE-9F49-4925-9F28-05F6803E2B8E}
	EndGlobalSection
EndGlobal
