<?xml version="1.0" encoding="utf-8"?>
<Project ToolsVersion="4.0" xmlns="http://schemas.microsoft.com/developer/msbuild/2003">
  <ItemGroup>
    <Filter Include="00.System">
      <UniqueIdentifier>{8d3e0da9-2962-42ce-80b2-180816c40a6e}</UniqueIdentifier>
    </Filter>
    <Filter Include="01.Utillity">
      <UniqueIdentifier>{f208c402-8911-4585-8a0b-9da29ce7162f}</UniqueIdentifier>
    </Filter>
    <Filter Include="99.Headers">
      <UniqueIdentifier>{957b26a6-0e97-45f4-8e0c-79e7dc49cdd2}</UniqueIdentifier>
    </Filter>
    <Filter Include="00.System\00.Device_Manager">
      <UniqueIdentifier>{101207a5-04e4-43a9-bfd2-59f2b4f92cad}</UniqueIdentifier>
    </Filter>
    <Filter Include="00.System\00.Device_Manager\99.Manager">
      <UniqueIdentifier>{d0dde142-4e26-46e1-ae05-841f93b11cd6}</UniqueIdentifier>
    </Filter>
    <Filter Include="01.Utillity\99.SuperClass">
      <UniqueIdentifier>{527721bf-be49-49c1-9c0e-99948e0d500b}</UniqueIdentifier>
    </Filter>
    <Filter Include="01.Utillity\00.Management">
      <UniqueIdentifier>{6b6df4c5-8491-444b-8206-4c7ccc7b7385}</UniqueIdentifier>
    </Filter>
    <Filter Include="01.Utillity\01.Timer">
      <UniqueIdentifier>{d01fb501-3648-4e13-9dd7-63fe1bdb26c5}</UniqueIdentifier>
    </Filter>
    <Filter Include="01.Utillity\01.Timer\00.Timer">
      <UniqueIdentifier>{196fa7c3-630b-487d-9acc-f6f737f3a91b}</UniqueIdentifier>
    </Filter>
    <Filter Include="01.Utillity\01.Timer\99.Manager">
      <UniqueIdentifier>{1cfeda8a-1b0f-41b5-98ff-fbfa3ea3d87a}</UniqueIdentifier>
    </Filter>
    <Filter Include="01.Utillity\02.Renderer">
      <UniqueIdentifier>{c7dd2b08-7f34-4a6d-bf3a-2a45f3e5018a}</UniqueIdentifier>
    </Filter>
    <Filter Include="01.Utillity\03.Scene">
      <UniqueIdentifier>{53c818f2-1276-4540-88dc-793b19eb64da}</UniqueIdentifier>
    </Filter>
    <Filter Include="01.Utillity\04.GameObject">
      <UniqueIdentifier>{16ba4d2e-e2fb-458a-822d-44f132b752b4}</UniqueIdentifier>
    </Filter>
    <Filter Include="01.Utillity\05.Component">
      <UniqueIdentifier>{47b3c076-e8d4-41ad-91d8-cc42f9f96d4a}</UniqueIdentifier>
    </Filter>
    <Filter Include="01.Utillity\06.Pipeline">
      <UniqueIdentifier>{7a2cb272-cbb8-43ae-85e7-fe1a469189c8}</UniqueIdentifier>
    </Filter>
    <Filter Include="01.Utillity\03.Scene\00.Scene">
      <UniqueIdentifier>{b569aff5-5b01-4f94-afae-a36b84e0b888}</UniqueIdentifier>
    </Filter>
    <Filter Include="01.Utillity\03.Scene\99.Manager">
      <UniqueIdentifier>{54380902-e095-4dd2-a9ea-6484a6850345}</UniqueIdentifier>
    </Filter>
  </ItemGroup>
  <ItemGroup>
    <ClInclude Include="..\Headers\Device_Manager.h">
      <Filter>00.System\00.Device_Manager\99.Manager</Filter>
    </ClInclude>
    <ClInclude Include="..\Headers\Base.h">
      <Filter>01.Utillity\99.SuperClass</Filter>
    </ClInclude>
    <ClInclude Include="..\Headers\Engine_Define.h">
      <Filter>99.Headers</Filter>
    </ClInclude>
    <ClInclude Include="..\Headers\Engine_Function.h">
      <Filter>99.Headers</Filter>
    </ClInclude>
    <ClInclude Include="..\Headers\Engine_Include.h">
      <Filter>99.Headers</Filter>
    </ClInclude>
    <ClInclude Include="..\Headers\Engine_Struct.h">
      <Filter>99.Headers</Filter>
    </ClInclude>
    <ClInclude Include="..\Headers\Engine_Typedef.h">
      <Filter>99.Headers</Filter>
    </ClInclude>
    <ClInclude Include="..\Headers\Management.h">
      <Filter>01.Utillity\00.Management</Filter>
    </ClInclude>
    <ClInclude Include="..\Headers\Scene.h">
      <Filter>01.Utillity\03.Scene\00.Scene</Filter>
    </ClInclude>
    <ClInclude Include="..\Headers\Scene_Manager.h">
      <Filter>01.Utillity\03.Scene\99.Manager</Filter>
    </ClInclude>
    <ClInclude Include="..\Headers\Timer.h">
      <Filter>01.Utillity\01.Timer\00.Timer</Filter>
    </ClInclude>
    <ClInclude Include="..\Headers\Timer_Manager.h">
      <Filter>01.Utillity\01.Timer\99.Manager</Filter>
    </ClInclude>
    <ClInclude Include="..\Headers\Renderer.h">
      <Filter>01.Utillity\02.Renderer</Filter>
    </ClInclude>
    <ClInclude Include="..\Headers\GameObject.h" />
  </ItemGroup>
  <ItemGroup>
    <ClCompile Include="..\Codes\Device_Manager.cpp">
      <Filter>00.System\00.Device_Manager\99.Manager</Filter>
    </ClCompile>
    <ClCompile Include="..\Codes\Base.cpp">
      <Filter>01.Utillity\99.SuperClass</Filter>
    </ClCompile>
    <ClCompile Include="..\Codes\Management.cpp">
      <Filter>01.Utillity\00.Management</Filter>
    </ClCompile>
    <ClCompile Include="..\Codes\Scene.cpp">
      <Filter>01.Utillity\03.Scene\00.Scene</Filter>
    </ClCompile>
    <ClCompile Include="..\Codes\Scene_Manager.cpp">
      <Filter>01.Utillity\03.Scene\99.Manager</Filter>
    </ClCompile>
    <ClCompile Include="..\Codes\Timer.cpp">
      <Filter>01.Utillity\01.Timer\00.Timer</Filter>
    </ClCompile>
    <ClCompile Include="..\Codes\Timer_Manager.cpp">
      <Filter>01.Utillity\01.Timer\99.Manager</Filter>
    </ClCompile>
    <ClCompile Include="..\Codes\Renderer.cpp">
      <Filter>01.Utillity\02.Renderer</Filter>
    </ClCompile>
    <ClCompile Include="..\Codes\GameObject.cpp" />
  </ItemGroup>
</Project>